
Microsoft Visual Studio Solution File, Format Version 12.00
# Visual Studio 2012
Project("{FAE04EC0-301F-11D3-BF4B-00C04F79EFBC}") = "FFG.Core", "FFG.Core\FFG.Core.csproj", "{A8AE29D5-F313-4EBE-8F61-AEBAE68F2A8A}"
EndProject
Project("{FAE04EC0-301F-11D3-BF4B-00C04F79EFBC}") = "FFG.Forms", "FFG.Forms\FFG.Forms.csproj", "{151CBD97-46FA-4598-AA6E-4AEF9BFDA6AF}"
EndProject
Project("{FAE04EC0-301F-11D3-BF4B-00C04F79EFBC}") = "FFG.Controls", "FFG.Controls\FFG.Controls.csproj", "{F8571971-0009-470D-A6CC-64719414A1FD}"
EndProject
Project("{FAE04EC0-301F-11D3-BF4B-00C04F79EFBC}") = "FFG.Logging", "FFG.Logging\FFG.Logging.csproj", "{89CB7255-DDD0-4280-8726-BF4E55BBE03C}"
EndProject
Project("{FAE04EC0-301F-11D3-BF4B-00C04F79EFBC}") = "FFG.Configuration", "FFG.Configuration\FFG.Configuration.csproj", "{FABC6486-3916-4324-9AAD-3C614669BC17}"
EndProject
Global
	GlobalSection(SolutionConfigurationPlatforms) = preSolution
		Debug|Any CPU = Debug|Any CPU
		Debug|Mixed Platforms = Debug|Mixed Platforms
		Debug|x86 = Debug|x86
		Release|Any CPU = Release|Any CPU
		Release|Mixed Platforms = Release|Mixed Platforms
		Release|x86 = Release|x86
	EndGlobalSection
	GlobalSection(ProjectConfigurationPlatforms) = postSolution
		{A8AE29D5-F313-4EBE-8F61-AEBAE68F2A8A}.Debug|Any CPU.ActiveCfg = Debug|Any CPU
		{A8AE29D5-F313-4EBE-8F61-AEBAE68F2A8A}.Debug|Any CPU.Build.0 = Debug|Any CPU
		{A8AE29D5-F313-4EBE-8F61-AEBAE68F2A8A}.Debug|Mixed Platforms.ActiveCfg = Debug|Any CPU
		{A8AE29D5-F313-4EBE-8F61-AEBAE68F2A8A}.Debug|Mixed Platforms.Build.0 = Debug|Any CPU
		{A8AE29D5-F313-4EBE-8F61-AEBAE68F2A8A}.Debug|x86.ActiveCfg = Debug|x86
		{A8AE29D5-F313-4EBE-8F61-AEBAE68F2A8A}.Debug|x86.Build.0 = Debug|x86
		{A8AE29D5-F313-4EBE-8F61-AEBAE68F2A8A}.Release|Any CPU.ActiveCfg = Release|Any CPU
		{A8AE29D5-F313-4EBE-8F61-AEBAE68F2A8A}.Release|Any CPU.Build.0 = Release|Any CPU
		{A8AE29D5-F313-4EBE-8F61-AEBAE68F2A8A}.Release|Mixed Platforms.ActiveCfg = Release|Any CPU
		{A8AE29D5-F313-4EBE-8F61-AEBAE68F2A8A}.Release|Mixed Platforms.Build.0 = Release|Any CPU
		{A8AE29D5-F313-4EBE-8F61-AEBAE68F2A8A}.Release|x86.ActiveCfg = Release|x86
		{A8AE29D5-F313-4EBE-8F61-AEBAE68F2A8A}.Release|x86.Build.0 = Release|x86
		{151CBD97-46FA-4598-AA6E-4AEF9BFDA6AF}.Debug|Any CPU.ActiveCfg = Debug|Any CPU
		{151CBD97-46FA-4598-AA6E-4AEF9BFDA6AF}.Debug|Any CPU.Build.0 = Debug|Any CPU
		{151CBD97-46FA-4598-AA6E-4AEF9BFDA6AF}.Debug|Mixed Platforms.ActiveCfg = Debug|Any CPU
		{151CBD97-46FA-4598-AA6E-4AEF9BFDA6AF}.Debug|Mixed Platforms.Build.0 = Debug|Any CPU
		{151CBD97-46FA-4598-AA6E-4AEF9BFDA6AF}.Debug|x86.ActiveCfg = Debug|x86
		{151CBD97-46FA-4598-AA6E-4AEF9BFDA6AF}.Debug|x86.Build.0 = Debug|x86
		{151CBD97-46FA-4598-AA6E-4AEF9BFDA6AF}.Release|Any CPU.ActiveCfg = Release|Any CPU
		{151CBD97-46FA-4598-AA6E-4AEF9BFDA6AF}.Release|Any CPU.Build.0 = Release|Any CPU
		{151CBD97-46FA-4598-AA6E-4AEF9BFDA6AF}.Release|Mixed Platforms.ActiveCfg = Release|x86
		{151CBD97-46FA-4598-AA6E-4AEF9BFDA6AF}.Release|Mixed Platforms.Build.0 = Release|x86
		{151CBD97-46FA-4598-AA6E-4AEF9BFDA6AF}.Release|x86.ActiveCfg = Release|x86
		{151CBD97-46FA-4598-AA6E-4AEF9BFDA6AF}.Release|x86.Build.0 = Release|x86
		{F8571971-0009-470D-A6CC-64719414A1FD}.Debug|Any CPU.ActiveCfg = Debug|Any CPU
		{F8571971-0009-470D-A6CC-64719414A1FD}.Debug|Any CPU.Build.0 = Debug|Any CPU
		{F8571971-0009-470D-A6CC-64719414A1FD}.Debug|Mixed Platforms.ActiveCfg = Debug|Any CPU
		{F8571971-0009-470D-A6CC-64719414A1FD}.Debug|Mixed Platforms.Build.0 = Debug|Any CPU
		{F8571971-0009-470D-A6CC-64719414A1FD}.Debug|x86.ActiveCfg = Debug|x86
		{F8571971-0009-470D-A6CC-64719414A1FD}.Debug|x86.Build.0 = Debug|x86
		{F8571971-0009-470D-A6CC-64719414A1FD}.Release|Any CPU.ActiveCfg = Release|Any CPU
		{F8571971-0009-470D-A6CC-64719414A1FD}.Release|Any CPU.Build.0 = Release|Any CPU
		{F8571971-0009-470D-A6CC-64719414A1FD}.Release|Mixed Platforms.ActiveCfg = Release|Any CPU
		{F8571971-0009-470D-A6CC-64719414A1FD}.Release|Mixed Platforms.Build.0 = Release|Any CPU
		{F8571971-0009-470D-A6CC-64719414A1FD}.Release|x86.ActiveCfg = Release|x86
		{F8571971-0009-470D-A6CC-64719414A1FD}.Release|x86.Build.0 = Release|x86
		{89CB7255-DDD0-4280-8726-BF4E55BBE03C}.Debug|Any CPU.ActiveCfg = Debug|Any CPU
		{89CB7255-DDD0-4280-8726-BF4E55BBE03C}.Debug|Any CPU.Build.0 = Debug|Any CPU
		{89CB7255-DDD0-4280-8726-BF4E55BBE03C}.Debug|Mixed Platforms.ActiveCfg = Debug|Any CPU
		{89CB7255-DDD0-4280-8726-BF4E55BBE03C}.Debug|Mixed Platforms.Build.0 = Debug|Any CPU
		{89CB7255-DDD0-4280-8726-BF4E55BBE03C}.Debug|x86.ActiveCfg = Debug|x86
		{89CB7255-DDD0-4280-8726-BF4E55BBE03C}.Debug|x86.Build.0 = Debug|x86
		{89CB7255-DDD0-4280-8726-BF4E55BBE03C}.Release|Any CPU.ActiveCfg = Release|Any CPU
		{89CB7255-DDD0-4280-8726-BF4E55BBE03C}.Release|Any CPU.Build.0 = Release|Any CPU
		{89CB7255-DDD0-4280-8726-BF4E55BBE03C}.Release|Mixed Platforms.ActiveCfg = Release|Any CPU
		{89CB7255-DDD0-4280-8726-BF4E55BBE03C}.Release|Mixed Platforms.Build.0 = Release|Any CPU
		{89CB7255-DDD0-4280-8726-BF4E55BBE03C}.Release|x86.ActiveCfg = Release|x86
		{89CB7255-DDD0-4280-8726-BF4E55BBE03C}.Release|x86.Build.0 = Release|x86
		{FABC6486-3916-4324-9AAD-3C614669BC17}.Debug|Any CPU.ActiveCfg = Debug|Any CPU
		{FABC6486-3916-4324-9AAD-3C614669BC17}.Debug|Any CPU.Build.0 = Debug|Any CPU
		{FABC6486-3916-4324-9AAD-3C614669BC17}.Debug|Mixed Platforms.ActiveCfg = Debug|Any CPU
		{FABC6486-3916-4324-9AAD-3C614669BC17}.Debug|Mixed Platforms.Build.0 = Debug|Any CPU
		{FABC6486-3916-4324-9AAD-3C614669BC17}.Debug|x86.ActiveCfg = Debug|x86
		{FABC6486-3916-4324-9AAD-3C614669BC17}.Debug|x86.Build.0 = Debug|x86
		{FABC6486-3916-4324-9AAD-3C614669BC17}.Release|Any CPU.ActiveCfg = Release|Any CPU
		{FABC6486-3916-4324-9AAD-3C614669BC17}.Release|Any CPU.Build.0 = Release|Any CPU
		{FABC6486-3916-4324-9AAD-3C614669BC17}.Release|Mixed Platforms.ActiveCfg = Release|Any CPU
		{FABC6486-3916-4324-9AAD-3C614669BC17}.Release|Mixed Platforms.Build.0 = Release|Any CPU
		{FABC6486-3916-4324-9AAD-3C614669BC17}.Release|x86.ActiveCfg = Release|x86
		{FABC6486-3916-4324-9AAD-3C614669BC17}.Release|x86.Build.0 = Release|x86
	EndGlobalSection
	GlobalSection(SolutionProperties) = preSolution
		HideSolutionNode = FALSE
	EndGlobalSection
EndGlobal
