
Microsoft Visual Studio Solution File, Format Version 12.00
# Visual Studio 2012
Project("{FAE04EC0-301F-11D3-BF4B-00C04F79EFBC}") = "HStart.UI", "HStart.UI\HStart.UI.csproj", "{5B749083-CA00-4A1C-B4D8-9A00A68967E2}"
EndProject
Project("{FAE04EC0-301F-11D3-BF4B-00C04F79EFBC}") = "HStart.Configuration", "HStart.Configuration\HStart.Configuration.csproj", "{CA94D3BD-2B77-4833-9EA8-C6C8099D7185}"
EndProject
Project("{FAE04EC0-301F-11D3-BF4B-00C04F79EFBC}") = "Cbs.LogLib", "..\Cbs\Cbs.LogLib\Cbs.LogLib.csproj", "{F7C73FC3-D396-4202-8AF4-A0497742A934}"
EndProject
Global
	GlobalSection(SolutionConfigurationPlatforms) = preSolution
		Debug|Any CPU = Debug|Any CPU
		Release|Any CPU = Release|Any CPU
	EndGlobalSection
	GlobalSection(ProjectConfigurationPlatforms) = postSolution
		{5B749083-CA00-4A1C-B4D8-9A00A68967E2}.Debug|Any CPU.ActiveCfg = Debug|Any CPU
		{5B749083-CA00-4A1C-B4D8-9A00A68967E2}.Debug|Any CPU.Build.0 = Debug|Any CPU
		{5B749083-CA00-4A1C-B4D8-9A00A68967E2}.Release|Any CPU.ActiveCfg = Release|Any CPU
		{5B749083-CA00-4A1C-B4D8-9A00A68967E2}.Release|Any CPU.Build.0 = Release|Any CPU
		{CA94D3BD-2B77-4833-9EA8-C6C8099D7185}.Debug|Any CPU.ActiveCfg = Debug|Any CPU
		{CA94D3BD-2B77-4833-9EA8-C6C8099D7185}.Debug|Any CPU.Build.0 = Debug|Any CPU
		{CA94D3BD-2B77-4833-9EA8-C6C8099D7185}.Release|Any CPU.ActiveCfg = Release|Any CPU
		{CA94D3BD-2B77-4833-9EA8-C6C8099D7185}.Release|Any CPU.Build.0 = Release|Any CPU
		{F7C73FC3-D396-4202-8AF4-A0497742A934}.Debug|Any CPU.ActiveCfg = Debug|Any CPU
		{F7C73FC3-D396-4202-8AF4-A0497742A934}.Debug|Any CPU.Build.0 = Debug|Any CPU
		{F7C73FC3-D396-4202-8AF4-A0497742A934}.Release|Any CPU.ActiveCfg = Release|Any CPU
		{F7C73FC3-D396-4202-8AF4-A0497742A934}.Release|Any CPU.Build.0 = Release|Any CPU
	EndGlobalSection
	GlobalSection(SolutionProperties) = preSolution
		HideSolutionNode = FALSE
	EndGlobalSection
EndGlobal
